// !$*UTF8*$!
{
	archiveVersion = 1;
	classes = {
	};
	objectVersion = 46;
	objects = {

/* Begin PBXBuildFile section */
		6361D9A01530EA4900309770 /* UIKit.framework in Frameworks */ = {isa = PBXBuildFile; fileRef = 6361D99F1530EA4900309770 /* UIKit.framework */; };
		6361D9A21530EA4900309770 /* Foundation.framework in Frameworks */ = {isa = PBXBuildFile; fileRef = 6361D9A11530EA4900309770 /* Foundation.framework */; };
		6361D9A41530EA4900309770 /* CoreGraphics.framework in Frameworks */ = {isa = PBXBuildFile; fileRef = 6361D9A31530EA4900309770 /* CoreGraphics.framework */; };
		6361D9AA1530EA4900309770 /* InfoPlist.strings in Resources */ = {isa = PBXBuildFile; fileRef = 6361D9A81530EA4900309770 /* InfoPlist.strings */; };
		6361D9AC1530EA4900309770 /* main.m in Sources */ = {isa = PBXBuildFile; fileRef = 6361D9AB1530EA4900309770 /* main.m */; };
		6361D9B01530EA4900309770 /* DMAppDelegate.m in Sources */ = {isa = PBXBuildFile; fileRef = 6361D9AF1530EA4900309770 /* DMAppDelegate.m */; };
		6361D9B31530EA4900309770 /* MainStoryboard.storyboard in Resources */ = {isa = PBXBuildFile; fileRef = 6361D9B11530EA4900309770 /* MainStoryboard.storyboard */; };
		6361D9B61530EA4900309770 /* DMDictationViewController.m in Sources */ = {isa = PBXBuildFile; fileRef = 6361D9B51530EA4900309770 /* DMDictationViewController.m */; };
		6361D9B81530EA4900309770 /* first.png in Resources */ = {isa = PBXBuildFile; fileRef = 6361D9B71530EA4900309770 /* first.png */; };
		6361D9BA1530EA4900309770 /* first@2x.png in Resources */ = {isa = PBXBuildFile; fileRef = 6361D9B91530EA4900309770 /* first@2x.png */; };
		6361D9BD1530EA4900309770 /* DMLookupViewController.m in Sources */ = {isa = PBXBuildFile; fileRef = 6361D9BC1530EA4900309770 /* DMLookupViewController.m */; };
		6361D9BF1530EA4900309770 /* second.png in Resources */ = {isa = PBXBuildFile; fileRef = 6361D9BE1530EA4900309770 /* second.png */; };
		6361D9C11530EA4900309770 /* second@2x.png in Resources */ = {isa = PBXBuildFile; fileRef = 6361D9C01530EA4900309770 /* second@2x.png */; };
		6361D9C91530FE0800309770 /* Lastid.xcdatamodeld in Sources */ = {isa = PBXBuildFile; fileRef = 6361D9C71530FE0800309770 /* Lastid.xcdatamodeld */; };
		6361D9CC1530FE6F00309770 /* Food.m in Sources */ = {isa = PBXBuildFile; fileRef = 6361D9CB1530FE6F00309770 /* Food.m */; };
		6361D9CE1531017F00309770 /* CoreData.framework in Frameworks */ = {isa = PBXBuildFile; fileRef = 6361D9CD1531017F00309770 /* CoreData.framework */; };
		6361D9F0153126F500309770 /* NSAttributeDescription+MagicalDataImport.m in Sources */ = {isa = PBXBuildFile; fileRef = 6361D9D3153126F500309770 /* NSAttributeDescription+MagicalDataImport.m */; };
		6361D9F1153126F500309770 /* NSEntityDescription+MagicalDataImport.m in Sources */ = {isa = PBXBuildFile; fileRef = 6361D9D5153126F500309770 /* NSEntityDescription+MagicalDataImport.m */; };
		6361D9F2153126F500309770 /* NSNumber+MagicalDataImport.m in Sources */ = {isa = PBXBuildFile; fileRef = 6361D9D7153126F500309770 /* NSNumber+MagicalDataImport.m */; };
		6361D9F3153126F500309770 /* NSObject+MagicalDataImport.m in Sources */ = {isa = PBXBuildFile; fileRef = 6361D9D9153126F500309770 /* NSObject+MagicalDataImport.m */; };
		6361D9F4153126F500309770 /* NSRelationshipDescription+MagicalDataImport.m in Sources */ = {isa = PBXBuildFile; fileRef = 6361D9DB153126F500309770 /* NSRelationshipDescription+MagicalDataImport.m */; };
		6361D9F5153126F500309770 /* NSString+MagicalDataImport.m in Sources */ = {isa = PBXBuildFile; fileRef = 6361D9DD153126F500309770 /* NSString+MagicalDataImport.m */; };
		6361D9F6153126F500309770 /* NSManagedObject+MagicalDataImport.m in Sources */ = {isa = PBXBuildFile; fileRef = 6361D9DF153126F500309770 /* NSManagedObject+MagicalDataImport.m */; };
		6361D9F7153126F500309770 /* NSManagedObject+MagicalRecord.m in Sources */ = {isa = PBXBuildFile; fileRef = 6361D9E1153126F500309770 /* NSManagedObject+MagicalRecord.m */; };
		6361D9F8153126F500309770 /* NSManagedObjectContext+MagicalRecord.m in Sources */ = {isa = PBXBuildFile; fileRef = 6361D9E3153126F500309770 /* NSManagedObjectContext+MagicalRecord.m */; };
		6361D9F9153126F500309770 /* NSManagedObjectModel+MagicalRecord.m in Sources */ = {isa = PBXBuildFile; fileRef = 6361D9E5153126F500309770 /* NSManagedObjectModel+MagicalRecord.m */; };
		6361D9FA153126F600309770 /* NSPersistentStore+MagicalRecord.m in Sources */ = {isa = PBXBuildFile; fileRef = 6361D9E7153126F500309770 /* NSPersistentStore+MagicalRecord.m */; };
		6361D9FB153126F600309770 /* NSPersistentStoreCoordinator+MagicalRecord.m in Sources */ = {isa = PBXBuildFile; fileRef = 6361D9E9153126F500309770 /* NSPersistentStoreCoordinator+MagicalRecord.m */; };
		6361D9FC153126F600309770 /* MagicalRecordHelpers.m in Sources */ = {isa = PBXBuildFile; fileRef = 6361D9EC153126F500309770 /* MagicalRecordHelpers.m */; };
		6361D9FD153126F600309770 /* MRCoreDataAction.m in Sources */ = {isa = PBXBuildFile; fileRef = 6361D9EF153126F500309770 /* MRCoreDataAction.m */; };
		6361DA001535006F00309770 /* DMTokenizingViewController.m in Sources */ = {isa = PBXBuildFile; fileRef = 6361D9FF1535006E00309770 /* DMTokenizingViewController.m */; };
		6361DA061535226B00309770 /* TODO.txt in Resources */ = {isa = PBXBuildFile; fileRef = 6361DA051535226B00309770 /* TODO.txt */; };
		6361DA0D1535292000309770 /* NSMutableArray+PhraseArray.m in Sources */ = {isa = PBXBuildFile; fileRef = 6361DA0C1535292000309770 /* NSMutableArray+PhraseArray.m */; };
		6361DA131536273900309770 /* NSString+Utilities.m in Sources */ = {isa = PBXBuildFile; fileRef = 6361DA121536273900309770 /* NSString+Utilities.m */; };
		6361DA1615362D4100309770 /* NSCharacterSet+Delimeters.m in Sources */ = {isa = PBXBuildFile; fileRef = 6361DA1515362D4100309770 /* NSCharacterSet+Delimeters.m */; };
		6361DA191537C46900309770 /* DMReviewCell.m in Sources */ = {isa = PBXBuildFile; fileRef = 6361DA181537C46800309770 /* DMReviewCell.m */; };
/* End PBXBuildFile section */

/* Begin PBXFileReference section */
		6361D99B1530EA4900309770 /* Lastid.app */ = {isa = PBXFileReference; explicitFileType = wrapper.application; includeInIndex = 0; path = Lastid.app; sourceTree = BUILT_PRODUCTS_DIR; };
		6361D99F1530EA4900309770 /* UIKit.framework */ = {isa = PBXFileReference; lastKnownFileType = wrapper.framework; name = UIKit.framework; path = System/Library/Frameworks/UIKit.framework; sourceTree = SDKROOT; };
		6361D9A11530EA4900309770 /* Foundation.framework */ = {isa = PBXFileReference; lastKnownFileType = wrapper.framework; name = Foundation.framework; path = System/Library/Frameworks/Foundation.framework; sourceTree = SDKROOT; };
		6361D9A31530EA4900309770 /* CoreGraphics.framework */ = {isa = PBXFileReference; lastKnownFileType = wrapper.framework; name = CoreGraphics.framework; path = System/Library/Frameworks/CoreGraphics.framework; sourceTree = SDKROOT; };
		6361D9A71530EA4900309770 /* Lastid-Info.plist */ = {isa = PBXFileReference; lastKnownFileType = text.plist.xml; path = "Lastid-Info.plist"; sourceTree = "<group>"; };
		6361D9A91530EA4900309770 /* en */ = {isa = PBXFileReference; lastKnownFileType = text.plist.strings; name = en; path = en.lproj/InfoPlist.strings; sourceTree = "<group>"; };
		6361D9AB1530EA4900309770 /* main.m */ = {isa = PBXFileReference; lastKnownFileType = sourcecode.c.objc; path = main.m; sourceTree = "<group>"; };
		6361D9AD1530EA4900309770 /* Lastid-Prefix.pch */ = {isa = PBXFileReference; lastKnownFileType = sourcecode.c.h; path = "Lastid-Prefix.pch"; sourceTree = "<group>"; };
		6361D9AE1530EA4900309770 /* DMAppDelegate.h */ = {isa = PBXFileReference; lastKnownFileType = sourcecode.c.h; path = DMAppDelegate.h; sourceTree = "<group>"; };
		6361D9AF1530EA4900309770 /* DMAppDelegate.m */ = {isa = PBXFileReference; lastKnownFileType = sourcecode.c.objc; path = DMAppDelegate.m; sourceTree = "<group>"; };
		6361D9B21530EA4900309770 /* en */ = {isa = PBXFileReference; lastKnownFileType = file.storyboard; name = en; path = en.lproj/MainStoryboard.storyboard; sourceTree = "<group>"; };
		6361D9B41530EA4900309770 /* DMDictationViewController.h */ = {isa = PBXFileReference; lastKnownFileType = sourcecode.c.h; path = DMDictationViewController.h; sourceTree = "<group>"; };
		6361D9B51530EA4900309770 /* DMDictationViewController.m */ = {isa = PBXFileReference; lastKnownFileType = sourcecode.c.objc; path = DMDictationViewController.m; sourceTree = "<group>"; };
		6361D9B71530EA4900309770 /* first.png */ = {isa = PBXFileReference; lastKnownFileType = image.png; path = first.png; sourceTree = "<group>"; };
		6361D9B91530EA4900309770 /* first@2x.png */ = {isa = PBXFileReference; lastKnownFileType = image.png; path = "first@2x.png"; sourceTree = "<group>"; };
		6361D9BB1530EA4900309770 /* DMLookupViewController.h */ = {isa = PBXFileReference; lastKnownFileType = sourcecode.c.h; path = DMLookupViewController.h; sourceTree = "<group>"; };
		6361D9BC1530EA4900309770 /* DMLookupViewController.m */ = {isa = PBXFileReference; lastKnownFileType = sourcecode.c.objc; path = DMLookupViewController.m; sourceTree = "<group>"; };
		6361D9BE1530EA4900309770 /* second.png */ = {isa = PBXFileReference; lastKnownFileType = image.png; path = second.png; sourceTree = "<group>"; };
		6361D9C01530EA4900309770 /* second@2x.png */ = {isa = PBXFileReference; lastKnownFileType = image.png; path = "second@2x.png"; sourceTree = "<group>"; };
		6361D9C81530FE0800309770 /* Lastid.xcdatamodel */ = {isa = PBXFileReference; lastKnownFileType = wrapper.xcdatamodel; path = Lastid.xcdatamodel; sourceTree = "<group>"; };
		6361D9CA1530FE6F00309770 /* Food.h */ = {isa = PBXFileReference; fileEncoding = 4; lastKnownFileType = sourcecode.c.h; path = Food.h; sourceTree = "<group>"; };
		6361D9CB1530FE6F00309770 /* Food.m */ = {isa = PBXFileReference; fileEncoding = 4; lastKnownFileType = sourcecode.c.objc; path = Food.m; sourceTree = "<group>"; };
		6361D9CD1531017F00309770 /* CoreData.framework */ = {isa = PBXFileReference; lastKnownFileType = wrapper.framework; name = CoreData.framework; path = System/Library/Frameworks/CoreData.framework; sourceTree = SDKROOT; };
		6361D9D2153126F500309770 /* NSAttributeDescription+MagicalDataImport.h */ = {isa = PBXFileReference; fileEncoding = 4; lastKnownFileType = sourcecode.c.h; path = "NSAttributeDescription+MagicalDataImport.h"; sourceTree = "<group>"; };
		6361D9D3153126F500309770 /* NSAttributeDescription+MagicalDataImport.m */ = {isa = PBXFileReference; fileEncoding = 4; lastKnownFileType = sourcecode.c.objc; path = "NSAttributeDescription+MagicalDataImport.m"; sourceTree = "<group>"; };
		6361D9D4153126F500309770 /* NSEntityDescription+MagicalDataImport.h */ = {isa = PBXFileReference; fileEncoding = 4; lastKnownFileType = sourcecode.c.h; path = "NSEntityDescription+MagicalDataImport.h"; sourceTree = "<group>"; };
		6361D9D5153126F500309770 /* NSEntityDescription+MagicalDataImport.m */ = {isa = PBXFileReference; fileEncoding = 4; lastKnownFileType = sourcecode.c.objc; path = "NSEntityDescription+MagicalDataImport.m"; sourceTree = "<group>"; };
		6361D9D6153126F500309770 /* NSNumber+MagicalDataImport.h */ = {isa = PBXFileReference; fileEncoding = 4; lastKnownFileType = sourcecode.c.h; path = "NSNumber+MagicalDataImport.h"; sourceTree = "<group>"; };
		6361D9D7153126F500309770 /* NSNumber+MagicalDataImport.m */ = {isa = PBXFileReference; fileEncoding = 4; lastKnownFileType = sourcecode.c.objc; path = "NSNumber+MagicalDataImport.m"; sourceTree = "<group>"; };
		6361D9D8153126F500309770 /* NSObject+MagicalDataImport.h */ = {isa = PBXFileReference; fileEncoding = 4; lastKnownFileType = sourcecode.c.h; path = "NSObject+MagicalDataImport.h"; sourceTree = "<group>"; };
		6361D9D9153126F500309770 /* NSObject+MagicalDataImport.m */ = {isa = PBXFileReference; fileEncoding = 4; lastKnownFileType = sourcecode.c.objc; path = "NSObject+MagicalDataImport.m"; sourceTree = "<group>"; };
		6361D9DA153126F500309770 /* NSRelationshipDescription+MagicalDataImport.h */ = {isa = PBXFileReference; fileEncoding = 4; lastKnownFileType = sourcecode.c.h; path = "NSRelationshipDescription+MagicalDataImport.h"; sourceTree = "<group>"; };
		6361D9DB153126F500309770 /* NSRelationshipDescription+MagicalDataImport.m */ = {isa = PBXFileReference; fileEncoding = 4; lastKnownFileType = sourcecode.c.objc; path = "NSRelationshipDescription+MagicalDataImport.m"; sourceTree = "<group>"; };
		6361D9DC153126F500309770 /* NSString+MagicalDataImport.h */ = {isa = PBXFileReference; fileEncoding = 4; lastKnownFileType = sourcecode.c.h; path = "NSString+MagicalDataImport.h"; sourceTree = "<group>"; };
		6361D9DD153126F500309770 /* NSString+MagicalDataImport.m */ = {isa = PBXFileReference; fileEncoding = 4; lastKnownFileType = sourcecode.c.objc; path = "NSString+MagicalDataImport.m"; sourceTree = "<group>"; };
		6361D9DE153126F500309770 /* NSManagedObject+MagicalDataImport.h */ = {isa = PBXFileReference; fileEncoding = 4; lastKnownFileType = sourcecode.c.h; path = "NSManagedObject+MagicalDataImport.h"; sourceTree = "<group>"; };
		6361D9DF153126F500309770 /* NSManagedObject+MagicalDataImport.m */ = {isa = PBXFileReference; fileEncoding = 4; lastKnownFileType = sourcecode.c.objc; path = "NSManagedObject+MagicalDataImport.m"; sourceTree = "<group>"; };
		6361D9E0153126F500309770 /* NSManagedObject+MagicalRecord.h */ = {isa = PBXFileReference; fileEncoding = 4; lastKnownFileType = sourcecode.c.h; path = "NSManagedObject+MagicalRecord.h"; sourceTree = "<group>"; };
		6361D9E1153126F500309770 /* NSManagedObject+MagicalRecord.m */ = {isa = PBXFileReference; fileEncoding = 4; lastKnownFileType = sourcecode.c.objc; path = "NSManagedObject+MagicalRecord.m"; sourceTree = "<group>"; };
		6361D9E2153126F500309770 /* NSManagedObjectContext+MagicalRecord.h */ = {isa = PBXFileReference; fileEncoding = 4; lastKnownFileType = sourcecode.c.h; path = "NSManagedObjectContext+MagicalRecord.h"; sourceTree = "<group>"; };
		6361D9E3153126F500309770 /* NSManagedObjectContext+MagicalRecord.m */ = {isa = PBXFileReference; fileEncoding = 4; lastKnownFileType = sourcecode.c.objc; path = "NSManagedObjectContext+MagicalRecord.m"; sourceTree = "<group>"; };
		6361D9E4153126F500309770 /* NSManagedObjectModel+MagicalRecord.h */ = {isa = PBXFileReference; fileEncoding = 4; lastKnownFileType = sourcecode.c.h; path = "NSManagedObjectModel+MagicalRecord.h"; sourceTree = "<group>"; };
		6361D9E5153126F500309770 /* NSManagedObjectModel+MagicalRecord.m */ = {isa = PBXFileReference; fileEncoding = 4; lastKnownFileType = sourcecode.c.objc; path = "NSManagedObjectModel+MagicalRecord.m"; sourceTree = "<group>"; };
		6361D9E6153126F500309770 /* NSPersistentStore+MagicalRecord.h */ = {isa = PBXFileReference; fileEncoding = 4; lastKnownFileType = sourcecode.c.h; path = "NSPersistentStore+MagicalRecord.h"; sourceTree = "<group>"; };
		6361D9E7153126F500309770 /* NSPersistentStore+MagicalRecord.m */ = {isa = PBXFileReference; fileEncoding = 4; lastKnownFileType = sourcecode.c.objc; path = "NSPersistentStore+MagicalRecord.m"; sourceTree = "<group>"; };
		6361D9E8153126F500309770 /* NSPersistentStoreCoordinator+MagicalRecord.h */ = {isa = PBXFileReference; fileEncoding = 4; lastKnownFileType = sourcecode.c.h; path = "NSPersistentStoreCoordinator+MagicalRecord.h"; sourceTree = "<group>"; };
		6361D9E9153126F500309770 /* NSPersistentStoreCoordinator+MagicalRecord.m */ = {isa = PBXFileReference; fileEncoding = 4; lastKnownFileType = sourcecode.c.objc; path = "NSPersistentStoreCoordinator+MagicalRecord.m"; sourceTree = "<group>"; };
		6361D9EA153126F500309770 /* CoreData+MagicalRecord.h */ = {isa = PBXFileReference; fileEncoding = 4; lastKnownFileType = sourcecode.c.h; name = "CoreData+MagicalRecord.h"; path = "MagicalRecord/Source/CoreData+MagicalRecord.h"; sourceTree = "<group>"; };
		6361D9EB153126F500309770 /* MagicalRecordHelpers.h */ = {isa = PBXFileReference; fileEncoding = 4; lastKnownFileType = sourcecode.c.h; name = MagicalRecordHelpers.h; path = MagicalRecord/Source/MagicalRecordHelpers.h; sourceTree = "<group>"; };
		6361D9EC153126F500309770 /* MagicalRecordHelpers.m */ = {isa = PBXFileReference; fileEncoding = 4; lastKnownFileType = sourcecode.c.objc; name = MagicalRecordHelpers.m; path = MagicalRecord/Source/MagicalRecordHelpers.m; sourceTree = "<group>"; };
		6361D9ED153126F500309770 /* MagicalRecordShorthand.h */ = {isa = PBXFileReference; fileEncoding = 4; lastKnownFileType = sourcecode.c.h; name = MagicalRecordShorthand.h; path = MagicalRecord/Source/MagicalRecordShorthand.h; sourceTree = "<group>"; };
		6361D9EE153126F500309770 /* MRCoreDataAction.h */ = {isa = PBXFileReference; fileEncoding = 4; lastKnownFileType = sourcecode.c.h; name = MRCoreDataAction.h; path = MagicalRecord/Source/MRCoreDataAction.h; sourceTree = "<group>"; };
		6361D9EF153126F500309770 /* MRCoreDataAction.m */ = {isa = PBXFileReference; fileEncoding = 4; lastKnownFileType = sourcecode.c.objc; name = MRCoreDataAction.m; path = MagicalRecord/Source/MRCoreDataAction.m; sourceTree = "<group>"; };
		6361D9FE1535006E00309770 /* DMTokenizingViewController.h */ = {isa = PBXFileReference; fileEncoding = 4; lastKnownFileType = sourcecode.c.h; path = DMTokenizingViewController.h; sourceTree = "<group>"; };
		6361D9FF1535006E00309770 /* DMTokenizingViewController.m */ = {isa = PBXFileReference; fileEncoding = 4; lastKnownFileType = sourcecode.c.objc; path = DMTokenizingViewController.m; sourceTree = "<group>"; };
		6361DA051535226B00309770 /* TODO.txt */ = {isa = PBXFileReference; fileEncoding = 4; lastKnownFileType = text; path = TODO.txt; sourceTree = "<group>"; };
		6361DA0B1535292000309770 /* NSMutableArray+PhraseArray.h */ = {isa = PBXFileReference; fileEncoding = 4; lastKnownFileType = sourcecode.c.h; path = "NSMutableArray+PhraseArray.h"; sourceTree = "<group>"; };
		6361DA0C1535292000309770 /* NSMutableArray+PhraseArray.m */ = {isa = PBXFileReference; fileEncoding = 4; lastKnownFileType = sourcecode.c.objc; path = "NSMutableArray+PhraseArray.m"; sourceTree = "<group>"; };
		6361DA111536273900309770 /* NSString+Utilities.h */ = {isa = PBXFileReference; fileEncoding = 4; lastKnownFileType = sourcecode.c.h; path = "NSString+Utilities.h"; sourceTree = "<group>"; };
		6361DA121536273900309770 /* NSString+Utilities.m */ = {isa = PBXFileReference; fileEncoding = 4; lastKnownFileType = sourcecode.c.objc; path = "NSString+Utilities.m"; sourceTree = "<group>"; };
		6361DA1415362D4100309770 /* NSCharacterSet+Delimeters.h */ = {isa = PBXFileReference; fileEncoding = 4; lastKnownFileType = sourcecode.c.h; path = "NSCharacterSet+Delimeters.h"; sourceTree = "<group>"; };
		6361DA1515362D4100309770 /* NSCharacterSet+Delimeters.m */ = {isa = PBXFileReference; fileEncoding = 4; lastKnownFileType = sourcecode.c.objc; path = "NSCharacterSet+Delimeters.m"; sourceTree = "<group>"; };
		6361DA171537C46800309770 /* DMReviewCell.h */ = {isa = PBXFileReference; fileEncoding = 4; lastKnownFileType = sourcecode.c.h; path = DMReviewCell.h; sourceTree = "<group>"; };
		6361DA181537C46800309770 /* DMReviewCell.m */ = {isa = PBXFileReference; fileEncoding = 4; lastKnownFileType = sourcecode.c.objc; path = DMReviewCell.m; sourceTree = "<group>"; };
/* End PBXFileReference section */

/* Begin PBXFrameworksBuildPhase section */
		6361D9981530EA4900309770 /* Frameworks */ = {
			isa = PBXFrameworksBuildPhase;
			buildActionMask = 2147483647;
			files = (
				6361D9CE1531017F00309770 /* CoreData.framework in Frameworks */,
				6361D9A01530EA4900309770 /* UIKit.framework in Frameworks */,
				6361D9A21530EA4900309770 /* Foundation.framework in Frameworks */,
				6361D9A41530EA4900309770 /* CoreGraphics.framework in Frameworks */,
			);
			runOnlyForDeploymentPostprocessing = 0;
		};
/* End PBXFrameworksBuildPhase section */

/* Begin PBXGroup section */
		6361D9901530EA4900309770 = {
			isa = PBXGroup;
			children = (
				6361DA051535226B00309770 /* TODO.txt */,
				6361D9CF153126D300309770 /* MagicalRecord */,
				6361D9A51530EA4900309770 /* Lastid */,
				6361D99E1530EA4900309770 /* Frameworks */,
				6361D99C1530EA4900309770 /* Products */,
			);
			sourceTree = "<group>";
		};
		6361D99C1530EA4900309770 /* Products */ = {
			isa = PBXGroup;
			children = (
				6361D99B1530EA4900309770 /* Lastid.app */,
			);
			name = Products;
			sourceTree = "<group>";
		};
		6361D99E1530EA4900309770 /* Frameworks */ = {
			isa = PBXGroup;
			children = (
				6361D9CD1531017F00309770 /* CoreData.framework */,
				6361D99F1530EA4900309770 /* UIKit.framework */,
				6361D9A11530EA4900309770 /* Foundation.framework */,
				6361D9A31530EA4900309770 /* CoreGraphics.framework */,
			);
			name = Frameworks;
			sourceTree = "<group>";
		};
		6361D9A51530EA4900309770 /* Lastid */ = {
			isa = PBXGroup;
			children = (
				6361DA0B1535292000309770 /* NSMutableArray+PhraseArray.h */,
				6361DA0C1535292000309770 /* NSMutableArray+PhraseArray.m */,
				6361DA111536273900309770 /* NSString+Utilities.h */,
				6361DA121536273900309770 /* NSString+Utilities.m */,
				6361DA1415362D4100309770 /* NSCharacterSet+Delimeters.h */,
				6361DA1515362D4100309770 /* NSCharacterSet+Delimeters.m */,
				6361D9CA1530FE6F00309770 /* Food.h */,
				6361D9CB1530FE6F00309770 /* Food.m */,
				6361D9B11530EA4900309770 /* MainStoryboard.storyboard */,
				6361D9AE1530EA4900309770 /* DMAppDelegate.h */,
				6361D9AF1530EA4900309770 /* DMAppDelegate.m */,
				6361D9BB1530EA4900309770 /* DMLookupViewController.h */,
				6361D9BC1530EA4900309770 /* DMLookupViewController.m */,
				6361D9B41530EA4900309770 /* DMDictationViewController.h */,
				6361D9B51530EA4900309770 /* DMDictationViewController.m */,
				6361D9FE1535006E00309770 /* DMTokenizingViewController.h */,
				6361D9FF1535006E00309770 /* DMTokenizingViewController.m */,
				6361DA171537C46800309770 /* DMReviewCell.h */,
				6361DA181537C46800309770 /* DMReviewCell.m */,
				6361D9B71530EA4900309770 /* first.png */,
				6361D9B91530EA4900309770 /* first@2x.png */,
				6361D9BE1530EA4900309770 /* second.png */,
				6361D9C01530EA4900309770 /* second@2x.png */,
				6361D9A61530EA4900309770 /* Supporting Files */,
			);
			path = Lastid;
			sourceTree = "<group>";
		};
		6361D9A61530EA4900309770 /* Supporting Files */ = {
			isa = PBXGroup;
			children = (
				6361D9A71530EA4900309770 /* Lastid-Info.plist */,
				6361D9A81530EA4900309770 /* InfoPlist.strings */,
				6361D9AB1530EA4900309770 /* main.m */,
				6361D9AD1530EA4900309770 /* Lastid-Prefix.pch */,
				6361D9C71530FE0800309770 /* Lastid.xcdatamodeld */,
			);
			name = "Supporting Files";
			sourceTree = "<group>";
		};
		6361D9CF153126D300309770 /* MagicalRecord */ = {
			isa = PBXGroup;
			children = (
				6361D9D0153126F500309770 /* Categories */,
				6361D9EA153126F500309770 /* CoreData+MagicalRecord.h */,
				6361D9EB153126F500309770 /* MagicalRecordHelpers.h */,
				6361D9EC153126F500309770 /* MagicalRecordHelpers.m */,
				6361D9ED153126F500309770 /* MagicalRecordShorthand.h */,
				6361D9EE153126F500309770 /* MRCoreDataAction.h */,
				6361D9EF153126F500309770 /* MRCoreDataAction.m */,
			);
			name = MagicalRecord;
			sourceTree = "<group>";
		};
		6361D9D0153126F500309770 /* Categories */ = {
			isa = PBXGroup;
			children = (
				6361D9D1153126F500309770 /* DataImport */,
				6361D9DE153126F500309770 /* NSManagedObject+MagicalDataImport.h */,
				6361D9DF153126F500309770 /* NSManagedObject+MagicalDataImport.m */,
				6361D9E0153126F500309770 /* NSManagedObject+MagicalRecord.h */,
				6361D9E1153126F500309770 /* NSManagedObject+MagicalRecord.m */,
				6361D9E2153126F500309770 /* NSManagedObjectContext+MagicalRecord.h */,
				6361D9E3153126F500309770 /* NSManagedObjectContext+MagicalRecord.m */,
				6361D9E4153126F500309770 /* NSManagedObjectModel+MagicalRecord.h */,
				6361D9E5153126F500309770 /* NSManagedObjectModel+MagicalRecord.m */,
				6361D9E6153126F500309770 /* NSPersistentStore+MagicalRecord.h */,
				6361D9E7153126F500309770 /* NSPersistentStore+MagicalRecord.m */,
				6361D9E8153126F500309770 /* NSPersistentStoreCoordinator+MagicalRecord.h */,
				6361D9E9153126F500309770 /* NSPersistentStoreCoordinator+MagicalRecord.m */,
			);
			name = Categories;
			path = MagicalRecord/Source/Categories;
			sourceTree = "<group>";
		};
		6361D9D1153126F500309770 /* DataImport */ = {
			isa = PBXGroup;
			children = (
				6361D9D2153126F500309770 /* NSAttributeDescription+MagicalDataImport.h */,
				6361D9D3153126F500309770 /* NSAttributeDescription+MagicalDataImport.m */,
				6361D9D4153126F500309770 /* NSEntityDescription+MagicalDataImport.h */,
				6361D9D5153126F500309770 /* NSEntityDescription+MagicalDataImport.m */,
				6361D9D6153126F500309770 /* NSNumber+MagicalDataImport.h */,
				6361D9D7153126F500309770 /* NSNumber+MagicalDataImport.m */,
				6361D9D8153126F500309770 /* NSObject+MagicalDataImport.h */,
				6361D9D9153126F500309770 /* NSObject+MagicalDataImport.m */,
				6361D9DA153126F500309770 /* NSRelationshipDescription+MagicalDataImport.h */,
				6361D9DB153126F500309770 /* NSRelationshipDescription+MagicalDataImport.m */,
				6361D9DC153126F500309770 /* NSString+MagicalDataImport.h */,
				6361D9DD153126F500309770 /* NSString+MagicalDataImport.m */,
			);
			path = DataImport;
			sourceTree = "<group>";
		};
/* End PBXGroup section */

/* Begin PBXNativeTarget section */
		6361D99A1530EA4900309770 /* Lastid */ = {
			isa = PBXNativeTarget;
			buildConfigurationList = 6361D9C41530EA4900309770 /* Build configuration list for PBXNativeTarget "Lastid" */;
			buildPhases = (
				6361D9971530EA4900309770 /* Sources */,
				6361D9981530EA4900309770 /* Frameworks */,
				6361D9991530EA4900309770 /* Resources */,
			);
			buildRules = (
			);
			dependencies = (
			);
			name = Lastid;
			productName = Lastid;
			productReference = 6361D99B1530EA4900309770 /* Lastid.app */;
			productType = "com.apple.product-type.application";
		};
/* End PBXNativeTarget section */

/* Begin PBXProject section */
		6361D9921530EA4900309770 /* Project object */ = {
			isa = PBXProject;
			attributes = {
				CLASSPREFIX = DM;
				LastUpgradeCheck = 0430;
			};
			buildConfigurationList = 6361D9951530EA4900309770 /* Build configuration list for PBXProject "Lastid" */;
			compatibilityVersion = "Xcode 3.2";
			developmentRegion = English;
			hasScannedForEncodings = 0;
			knownRegions = (
				en,
			);
			mainGroup = 6361D9901530EA4900309770;
			productRefGroup = 6361D99C1530EA4900309770 /* Products */;
			projectDirPath = "";
			projectRoot = "";
			targets = (
				6361D99A1530EA4900309770 /* Lastid */,
			);
		};
/* End PBXProject section */

/* Begin PBXResourcesBuildPhase section */
		6361D9991530EA4900309770 /* Resources */ = {
			isa = PBXResourcesBuildPhase;
			buildActionMask = 2147483647;
			files = (
				6361D9AA1530EA4900309770 /* InfoPlist.strings in Resources */,
				6361D9B31530EA4900309770 /* MainStoryboard.storyboard in Resources */,
				6361D9B81530EA4900309770 /* first.png in Resources */,
				6361D9BA1530EA4900309770 /* first@2x.png in Resources */,
				6361D9BF1530EA4900309770 /* second.png in Resources */,
				6361D9C11530EA4900309770 /* second@2x.png in Resources */,
				6361DA061535226B00309770 /* TODO.txt in Resources */,
			);
			runOnlyForDeploymentPostprocessing = 0;
		};
/* End PBXResourcesBuildPhase section */

/* Begin PBXSourcesBuildPhase section */
		6361D9971530EA4900309770 /* Sources */ = {
			isa = PBXSourcesBuildPhase;
			buildActionMask = 2147483647;
			files = (
				6361D9AC1530EA4900309770 /* main.m in Sources */,
				6361D9B01530EA4900309770 /* DMAppDelegate.m in Sources */,
				6361D9B61530EA4900309770 /* DMDictationViewController.m in Sources */,
				6361D9BD1530EA4900309770 /* DMLookupViewController.m in Sources */,
				6361D9C91530FE0800309770 /* Lastid.xcdatamodeld in Sources */,
				6361D9CC1530FE6F00309770 /* Food.m in Sources */,
				6361D9F0153126F500309770 /* NSAttributeDescription+MagicalDataImport.m in Sources */,
				6361D9F1153126F500309770 /* NSEntityDescription+MagicalDataImport.m in Sources */,
				6361D9F2153126F500309770 /* NSNumber+MagicalDataImport.m in Sources */,
				6361D9F3153126F500309770 /* NSObject+MagicalDataImport.m in Sources */,
				6361D9F4153126F500309770 /* NSRelationshipDescription+MagicalDataImport.m in Sources */,
				6361D9F5153126F500309770 /* NSString+MagicalDataImport.m in Sources */,
				6361D9F6153126F500309770 /* NSManagedObject+MagicalDataImport.m in Sources */,
				6361D9F7153126F500309770 /* NSManagedObject+MagicalRecord.m in Sources */,
				6361D9F8153126F500309770 /* NSManagedObjectContext+MagicalRecord.m in Sources */,
				6361D9F9153126F500309770 /* NSManagedObjectModel+MagicalRecord.m in Sources */,
				6361D9FA153126F600309770 /* NSPersistentStore+MagicalRecord.m in Sources */,
				6361D9FB153126F600309770 /* NSPersistentStoreCoordinator+MagicalRecord.m in Sources */,
				6361D9FC153126F600309770 /* MagicalRecordHelpers.m in Sources */,
				6361D9FD153126F600309770 /* MRCoreDataAction.m in Sources */,
				6361DA001535006F00309770 /* DMTokenizingViewController.m in Sources */,
				6361DA0D1535292000309770 /* NSMutableArray+PhraseArray.m in Sources */,
				6361DA131536273900309770 /* NSString+Utilities.m in Sources */,
				6361DA1615362D4100309770 /* NSCharacterSet+Delimeters.m in Sources */,
				6361DA191537C46900309770 /* DMReviewCell.m in Sources */,
			);
			runOnlyForDeploymentPostprocessing = 0;
		};
/* End PBXSourcesBuildPhase section */

/* Begin PBXVariantGroup section */
		6361D9A81530EA4900309770 /* InfoPlist.strings */ = {
			isa = PBXVariantGroup;
			children = (
				6361D9A91530EA4900309770 /* en */,
			);
			name = InfoPlist.strings;
			sourceTree = "<group>";
		};
		6361D9B11530EA4900309770 /* MainStoryboard.storyboard */ = {
			isa = PBXVariantGroup;
			children = (
				6361D9B21530EA4900309770 /* en */,
			);
			name = MainStoryboard.storyboard;
			sourceTree = "<group>";
		};
/* End PBXVariantGroup section */

/* Begin XCBuildConfiguration section */
		6361D9C21530EA4900309770 /* Debug */ = {
			isa = XCBuildConfiguration;
			buildSettings = {
				ALWAYS_SEARCH_USER_PATHS = NO;
				ARCHS = "$(ARCHS_STANDARD_32_BIT)";
				CLANG_ENABLE_OBJC_ARC = YES;
				"CODE_SIGN_IDENTITY[sdk=iphoneos*]" = "iPhone Developer";
				COPY_PHASE_STRIP = NO;
				GCC_C_LANGUAGE_STANDARD = gnu99;
				GCC_DYNAMIC_NO_PIC = NO;
				GCC_OPTIMIZATION_LEVEL = 0;
				GCC_PREPROCESSOR_DEFINITIONS = (
					"DEBUG=1",
					"$(inherited)",
				);
				GCC_SYMBOLS_PRIVATE_EXTERN = NO;
				GCC_VERSION = com.apple.compilers.llvm.clang.1_0;
				GCC_WARN_ABOUT_RETURN_TYPE = YES;
				GCC_WARN_UNINITIALIZED_AUTOS = YES;
				GCC_WARN_UNUSED_VARIABLE = YES;
				IPHONEOS_DEPLOYMENT_TARGET = 5.1;
				SDKROOT = iphoneos;
			};
			name = Debug;
		};
		6361D9C31530EA4900309770 /* Release */ = {
			isa = XCBuildConfiguration;
			buildSettings = {
				ALWAYS_SEARCH_USER_PATHS = NO;
				ARCHS = "$(ARCHS_STANDARD_32_BIT)";
				CLANG_ENABLE_OBJC_ARC = YES;
				"CODE_SIGN_IDENTITY[sdk=iphoneos*]" = "iPhone Developer";
				COPY_PHASE_STRIP = YES;
				GCC_C_LANGUAGE_STANDARD = gnu99;
				GCC_VERSION = com.apple.compilers.llvm.clang.1_0;
				GCC_WARN_ABOUT_RETURN_TYPE = YES;
				GCC_WARN_UNINITIALIZED_AUTOS = YES;
				GCC_WARN_UNUSED_VARIABLE = YES;
				IPHONEOS_DEPLOYMENT_TARGET = 5.1;
				OTHER_CFLAGS = "-DNS_BLOCK_ASSERTIONS=1";
				SDKROOT = iphoneos;
				VALIDATE_PRODUCT = YES;
			};
			name = Release;
		};
		6361D9C51530EA4900309770 /* Debug */ = {
			isa = XCBuildConfiguration;
			buildSettings = {
				GCC_PRECOMPILE_PREFIX_HEADER = YES;
				GCC_PREFIX_HEADER = "Lastid/Lastid-Prefix.pch";
				INFOPLIST_FILE = "Lastid/Lastid-Info.plist";
				PRODUCT_NAME = "$(TARGET_NAME)";
				WRAPPER_EXTENSION = app;
			};
			name = Debug;
		};
		6361D9C61530EA4900309770 /* Release */ = {
			isa = XCBuildConfiguration;
			buildSettings = {
				GCC_PRECOMPILE_PREFIX_HEADER = YES;
				GCC_PREFIX_HEADER = "Lastid/Lastid-Prefix.pch";
				INFOPLIST_FILE = "Lastid/Lastid-Info.plist";
				PRODUCT_NAME = "$(TARGET_NAME)";
				WRAPPER_EXTENSION = app;
			};
			name = Release;
		};
/* End XCBuildConfiguration section */

/* Begin XCConfigurationList section */
		6361D9951530EA4900309770 /* Build configuration list for PBXProject "Lastid" */ = {
			isa = XCConfigurationList;
			buildConfigurations = (
				6361D9C21530EA4900309770 /* Debug */,
				6361D9C31530EA4900309770 /* Release */,
			);
			defaultConfigurationIsVisible = 0;
			defaultConfigurationName = Release;
		};
		6361D9C41530EA4900309770 /* Build configuration list for PBXNativeTarget "Lastid" */ = {
			isa = XCConfigurationList;
			buildConfigurations = (
				6361D9C51530EA4900309770 /* Debug */,
				6361D9C61530EA4900309770 /* Release */,
			);
			defaultConfigurationIsVisible = 0;
			defaultConfigurationName = Release;
		};
/* End XCConfigurationList section */

/* Begin XCVersionGroup section */
		6361D9C71530FE0800309770 /* Lastid.xcdatamodeld */ = {
			isa = XCVersionGroup;
			children = (
				6361D9C81530FE0800309770 /* Lastid.xcdatamodel */,
			);
			currentVersion = 6361D9C81530FE0800309770 /* Lastid.xcdatamodel */;
			path = Lastid.xcdatamodeld;
			sourceTree = "<group>";
			versionGroupType = wrapper.xcdatamodel;
		};
/* End XCVersionGroup section */
	};
	rootObject = 6361D9921530EA4900309770 /* Project object */;
}
